
Microsoft Visual Studio Solution File, Format Version 12.00
# Visual Studio Version 17
VisualStudioVersion = 17.9.34728.123
MinimumVisualStudioVersion = 10.0.40219.1
Project("{9A19103F-16F7-4668-BE54-9A1E7A4F7556}") = "FractalGen_Lukacka", "FractalGen_Lukacka\FractalGen_Lukacka.csproj", "{A35CDFAE-6ABE-4CF3-A900-B063B05DEA97}"
EndProject
Global
	GlobalSection(SolutionConfigurationPlatforms) = preSolution
		Debug|Any CPU = Debug|Any CPU
		Debug|x64 = Debug|x64
		Debug|x86 = Debug|x86
		Release|Any CPU = Release|Any CPU
		Release|x64 = Release|x64
		Release|x86 = Release|x86
	EndGlobalSection
	GlobalSection(ProjectConfigurationPlatforms) = postSolution
		{A35CDFAE-6ABE-4CF3-A900-B063B05DEA97}.Debug|Any CPU.ActiveCfg = Debug|Any CPU
		{A35CDFAE-6ABE-4CF3-A900-B063B05DEA97}.Debug|Any CPU.Build.0 = Debug|Any CPU
		{A35CDFAE-6ABE-4CF3-A900-B063B05DEA97}.Debug|x64.ActiveCfg = Debug|x64
		{A35CDFAE-6ABE-4CF3-A900-B063B05DEA97}.Debug|x64.Build.0 = Debug|x64
		{A35CDFAE-6ABE-4CF3-A900-B063B05DEA97}.Debug|x86.ActiveCfg = Debug|x86
		{A35CDFAE-6ABE-4CF3-A900-B063B05DEA97}.Debug|x86.Build.0 = Debug|x86
		{A35CDFAE-6ABE-4CF3-A900-B063B05DEA97}.Release|Any CPU.ActiveCfg = Release|Any CPU
		{A35CDFAE-6ABE-4CF3-A900-B063B05DEA97}.Release|Any CPU.Build.0 = Release|Any CPU
		{A35CDFAE-6ABE-4CF3-A900-B063B05DEA97}.Release|x64.ActiveCfg = Release|x64
		{A35CDFAE-6ABE-4CF3-A900-B063B05DEA97}.Release|x64.Build.0 = Release|x64
		{A35CDFAE-6ABE-4CF3-A900-B063B05DEA97}.Release|x86.ActiveCfg = Release|x86
		{A35CDFAE-6ABE-4CF3-A900-B063B05DEA97}.Release|x86.Build.0 = Release|x86
	EndGlobalSection
	GlobalSection(SolutionProperties) = preSolution
		HideSolutionNode = FALSE
	EndGlobalSection
	GlobalSection(ExtensibilityGlobals) = postSolution
		SolutionGuid = {C1690DBD-F6FA-4DD2-BD9C-01CAD35919CF}
	EndGlobalSection
EndGlobal
